
Microsoft Visual Studio Solution File, Format Version 12.00
# Visual Studio Version 16
VisualStudioVersion = 16.0.810.13
MinimumVisualStudioVersion = 10.0.40219.1
Project("{FAE04EC0-301F-11D3-BF4B-00C04F79EFBC}") = "ui-equinox", "ui-equinox\ui-equinox.csproj", "{09FF442C-D778-4A38-8D8A-EF86AD622BEB}"
EndProject
Global
	GlobalSection(SolutionConfigurationPlatforms) = preSolution
		Debug|Any CPU = Debug|Any CPU
		Release|Any CPU = Release|Any CPU
	EndGlobalSection
	GlobalSection(ProjectConfigurationPlatforms) = postSolution
		{09FF442C-D778-4A38-8D8A-EF86AD622BEB}.Debug|Any CPU.ActiveCfg = Debug|Any CPU
		{09FF442C-D778-4A38-8D8A-EF86AD622BEB}.Debug|Any CPU.Build.0 = Debug|Any CPU
		{09FF442C-D778-4A38-8D8A-EF86AD622BEB}.Release|Any CPU.ActiveCfg = Release|Any CPU
		{09FF442C-D778-4A38-8D8A-EF86AD622BEB}.Release|Any CPU.Build.0 = Release|Any CPU
	EndGlobalSection
	GlobalSection(SolutionProperties) = preSolution
		HideSolutionNode = FALSE
	EndGlobalSection
	GlobalSection(ExtensibilityGlobals) = postSolution
		SolutionGuid = {FF973FF1-1FBA-46DA-900D-01A02D41AD78}
	EndGlobalSection
EndGlobal
