
Microsoft Visual Studio Solution File, Format Version 12.00
# Visual Studio Version 16
VisualStudioVersion = 16.0.810.13
MinimumVisualStudioVersion = 10.0.40219.1
Project("{FAE04EC0-301F-11D3-BF4B-00C04F79EFBC}") = "ui-equinox", "ui-equinox\ui-equinox.csproj", "{09FF442C-D778-4A38-8D8A-EF86AD622BEB}"
EndProject
Project("{FAE04EC0-301F-11D3-BF4B-00C04F79EFBC}") = "ui-equinox.domain", "ui-equinox.domain\ui-equinox.domain.csproj", "{9CCA4A87-2DE2-43D2-9215-F851D8BDD943}"
EndProject
Project("{FAE04EC0-301F-11D3-BF4B-00C04F79EFBC}") = "ui-equinox.infra.bus", "ui-equinox.infra.bus\ui-equinox.infra.bus.csproj", "{87983EE6-3D66-4E1E-95B5-E65037D98EAA}"
EndProject
Project("{FAE04EC0-301F-11D3-BF4B-00C04F79EFBC}") = "ui-equinox.services", "ui-equinox.services\ui-equinox.services.csproj", "{ED9BCE7B-3D98-4C3F-AB4E-CC2437532EB0}"
EndProject
Global
	GlobalSection(SolutionConfigurationPlatforms) = preSolution
		Debug|Any CPU = Debug|Any CPU
		Release|Any CPU = Release|Any CPU
	EndGlobalSection
	GlobalSection(ProjectConfigurationPlatforms) = postSolution
		{09FF442C-D778-4A38-8D8A-EF86AD622BEB}.Debug|Any CPU.ActiveCfg = Debug|Any CPU
		{09FF442C-D778-4A38-8D8A-EF86AD622BEB}.Debug|Any CPU.Build.0 = Debug|Any CPU
		{09FF442C-D778-4A38-8D8A-EF86AD622BEB}.Release|Any CPU.ActiveCfg = Release|Any CPU
		{09FF442C-D778-4A38-8D8A-EF86AD622BEB}.Release|Any CPU.Build.0 = Release|Any CPU
		{9CCA4A87-2DE2-43D2-9215-F851D8BDD943}.Debug|Any CPU.ActiveCfg = Debug|Any CPU
		{9CCA4A87-2DE2-43D2-9215-F851D8BDD943}.Debug|Any CPU.Build.0 = Debug|Any CPU
		{9CCA4A87-2DE2-43D2-9215-F851D8BDD943}.Release|Any CPU.ActiveCfg = Release|Any CPU
		{9CCA4A87-2DE2-43D2-9215-F851D8BDD943}.Release|Any CPU.Build.0 = Release|Any CPU
		{87983EE6-3D66-4E1E-95B5-E65037D98EAA}.Debug|Any CPU.ActiveCfg = Debug|Any CPU
		{87983EE6-3D66-4E1E-95B5-E65037D98EAA}.Debug|Any CPU.Build.0 = Debug|Any CPU
		{87983EE6-3D66-4E1E-95B5-E65037D98EAA}.Release|Any CPU.ActiveCfg = Release|Any CPU
		{87983EE6-3D66-4E1E-95B5-E65037D98EAA}.Release|Any CPU.Build.0 = Release|Any CPU
		{ED9BCE7B-3D98-4C3F-AB4E-CC2437532EB0}.Debug|Any CPU.ActiveCfg = Debug|Any CPU
		{ED9BCE7B-3D98-4C3F-AB4E-CC2437532EB0}.Debug|Any CPU.Build.0 = Debug|Any CPU
		{ED9BCE7B-3D98-4C3F-AB4E-CC2437532EB0}.Release|Any CPU.ActiveCfg = Release|Any CPU
		{ED9BCE7B-3D98-4C3F-AB4E-CC2437532EB0}.Release|Any CPU.Build.0 = Release|Any CPU
	EndGlobalSection
	GlobalSection(SolutionProperties) = preSolution
		HideSolutionNode = FALSE
	EndGlobalSection
	GlobalSection(ExtensibilityGlobals) = postSolution
		SolutionGuid = {FF973FF1-1FBA-46DA-900D-01A02D41AD78}
	EndGlobalSection
EndGlobal
